{
  "name": "mssql-test",
  "version": "0.0.0",
  "dependencies": {
    "mssql": {
      "version": "0.4.1",
      "from": "mssql@0.4.1",
      "resolved": "https://registry.npmjs.org/mssql/-/mssql-0.4.1.tgz",
      "dependencies": {
        "tedious": {
          "version": "1.14.0",
          "from": "tedious@>=0.1.5",
          "resolved": "https://registry.npmjs.org/tedious/-/tedious-1.14.0.tgz",
          "dependencies": {
            "babel-runtime": {
              "version": "5.8.38",
              "from": "babel-runtime@>=5.8.19 <6.0.0",
              "resolved": "https://registry.npmjs.org/babel-runtime/-/babel-runtime-5.8.38.tgz",
              "dependencies": {
                "core-js": {
                  "version": "1.2.7",
                  "from": "core-js@>=1.0.0 <2.0.0",
                  "resolved": "https://registry.npmjs.org/core-js/-/core-js-1.2.7.tgz"
                }
              }
            },
            "big-number": {
              "version": "0.3.1",
              "from": "big-number@0.3.1",
              "resolved": "https://registry.npmjs.org/big-number/-/big-number-0.3.1.tgz"
            },
            "bl": {
              "version": "1.2.0",
              "from": "bl@>=1.0.0 <2.0.0",
              "resolved": "https://registry.npmjs.org/bl/-/bl-1.2.0.tgz"
            },
            "iconv-lite": {
              "version": "0.4.15",
              "from": "iconv-lite@>=0.4.11 <0.5.0",
              "resolved": "https://registry.npmjs.org/iconv-lite/-/iconv-lite-0.4.15.tgz"
            },
            "readable-stream": {
              "version": "2.2.2",
              "from": "readable-stream@>=2.0.2 <3.0.0",
              "resolved": "https://registry.npmjs.org/readable-stream/-/readable-stream-2.2.2.tgz",
              "dependencies": {
                "buffer-shims": {
                  "version": "1.0.0",
                  "from": "buffer-shims@>=1.0.0 <2.0.0",
                  "resolved": "https://registry.npmjs.org/buffer-shims/-/buffer-shims-1.0.0.tgz"
                },
                "core-util-is": {
                  "version": "1.0.2",
                  "from": "core-util-is@>=1.0.0 <1.1.0",
                  "resolved": "https://registry.npmjs.org/core-util-is/-/core-util-is-1.0.2.tgz"
                },
                "isarray": {
                  "version": "1.0.0",
                  "from": "isarray@>=1.0.0 <1.1.0",
                  "resolved": "https://registry.npmjs.org/isarray/-/isarray-1.0.0.tgz"
                },
                "inherits": {
                  "version": "2.0.3",
                  "from": "inherits@>=2.0.1 <2.1.0",
                  "resolved": "https://registry.npmjs.org/inherits/-/inherits-2.0.3.tgz"
                },
                "process-nextick-args": {
                  "version": "1.0.7",
                  "from": "process-nextick-args@>=1.0.6 <1.1.0",
                  "resolved": "https://registry.npmjs.org/process-nextick-args/-/process-nextick-args-1.0.7.tgz"
                },
                "string_decoder": {
                  "version": "0.10.31",
                  "from": "string_decoder@>=0.10.0 <0.11.0",
                  "resolved": "https://registry.npmjs.org/string_decoder/-/string_decoder-0.10.31.tgz"
                },
                "util-deprecate": {
                  "version": "1.0.2",
                  "from": "util-deprecate@>=1.0.1 <1.1.0",
                  "resolved": "https://registry.npmjs.org/util-deprecate/-/util-deprecate-1.0.2.tgz"
                }
              }
            },
            "semver": {
              "version": "5.3.0",
              "from": "semver@>=5.1.0 <6.0.0",
              "resolved": "https://registry.npmjs.org/semver/-/semver-5.3.0.tgz"
            },
            "sprintf": {
              "version": "0.1.5",
              "from": "sprintf@0.1.5",
              "resolved": "https://registry.npmjs.org/sprintf/-/sprintf-0.1.5.tgz"
            }
          }
        },
        "generic-pool": {
          "version": "2.0.4",
          "from": "generic-pool@2.0.4",
          "resolved":
          "https://registry.npmjs.org/generic-pool/-/generic-pool-2.0.4.tgz"
        }
      }
    }
  }
}
